
Microsoft Visual Studio Solution File, Format Version 12.00
# Visual Studio Version 16
VisualStudioVersion = 16.0.31702.278
MinimumVisualStudioVersion = 10.0.40219.1
Project("{FAE04EC0-301F-11D3-BF4B-00C04F79EFBC}") = "StaticandPrivate", "StaticandPrivate\StaticandPrivate.csproj", "{863229B6-7849-4A77-894D-316D5CEDFEC6}"
EndProject
Global
	GlobalSection(SolutionConfigurationPlatforms) = preSolution
		Debug|Any CPU = Debug|Any CPU
		Release|Any CPU = Release|Any CPU
	EndGlobalSection
	GlobalSection(ProjectConfigurationPlatforms) = postSolution
		{863229B6-7849-4A77-894D-316D5CEDFEC6}.Debug|Any CPU.ActiveCfg = Debug|Any CPU
		{863229B6-7849-4A77-894D-316D5CEDFEC6}.Debug|Any CPU.Build.0 = Debug|Any CPU
		{863229B6-7849-4A77-894D-316D5CEDFEC6}.Release|Any CPU.ActiveCfg = Release|Any CPU
		{863229B6-7849-4A77-894D-316D5CEDFEC6}.Release|Any CPU.Build.0 = Release|Any CPU
	EndGlobalSection
	GlobalSection(SolutionProperties) = preSolution
		HideSolutionNode = FALSE
	EndGlobalSection
	GlobalSection(ExtensibilityGlobals) = postSolution
		SolutionGuid = {E8B20648-179E-4907-B896-89D92EB61334}
	EndGlobalSection
EndGlobal
