
Microsoft Visual Studio Solution File, Format Version 12.00
# Visual Studio Version 16
VisualStudioVersion = 16.0.31702.278
MinimumVisualStudioVersion = 10.0.40219.1
Project("{FAE04EC0-301F-11D3-BF4B-00C04F79EFBC}") = "Assembly1", "Assembly1\Assembly1.csproj", "{C7F9F747-4BA9-4417-ADA6-87E58E89D2D2}"
EndProject
Project("{FAE04EC0-301F-11D3-BF4B-00C04F79EFBC}") = "Assembly2", "Assembly2\Assembly2.csproj", "{71BC1CCA-B082-48CC-9815-AD2C042B5580}"
EndProject
Global
	GlobalSection(SolutionConfigurationPlatforms) = preSolution
		Debug|Any CPU = Debug|Any CPU
		Release|Any CPU = Release|Any CPU
	EndGlobalSection
	GlobalSection(ProjectConfigurationPlatforms) = postSolution
		{C7F9F747-4BA9-4417-ADA6-87E58E89D2D2}.Debug|Any CPU.ActiveCfg = Debug|Any CPU
		{C7F9F747-4BA9-4417-ADA6-87E58E89D2D2}.Debug|Any CPU.Build.0 = Debug|Any CPU
		{C7F9F747-4BA9-4417-ADA6-87E58E89D2D2}.Release|Any CPU.ActiveCfg = Release|Any CPU
		{C7F9F747-4BA9-4417-ADA6-87E58E89D2D2}.Release|Any CPU.Build.0 = Release|Any CPU
		{71BC1CCA-B082-48CC-9815-AD2C042B5580}.Debug|Any CPU.ActiveCfg = Debug|Any CPU
		{71BC1CCA-B082-48CC-9815-AD2C042B5580}.Debug|Any CPU.Build.0 = Debug|Any CPU
		{71BC1CCA-B082-48CC-9815-AD2C042B5580}.Release|Any CPU.ActiveCfg = Release|Any CPU
		{71BC1CCA-B082-48CC-9815-AD2C042B5580}.Release|Any CPU.Build.0 = Release|Any CPU
	EndGlobalSection
	GlobalSection(SolutionProperties) = preSolution
		HideSolutionNode = FALSE
	EndGlobalSection
	GlobalSection(ExtensibilityGlobals) = postSolution
		SolutionGuid = {F0FC961E-D47A-4AEE-9A18-244286BEE332}
	EndGlobalSection
EndGlobal
